
Microsoft Visual Studio Solution File, Format Version 12.00
# Visual Studio Version 17
VisualStudioVersion = 17.11.35222.181
MinimumVisualStudioVersion = 10.0.40219.1
Project("{8BC9CEB8-8B4A-11D0-8D11-00A0C91BC942}") = "Sandbox", "Sandbox\Sandbox.vcxproj", "{5A5047C1-F558-45F3-B762-636A30E84ADF}"
EndProject
Project("{8BC9CEB8-8B4A-11D0-8D11-00A0C91BC942}") = "Hazel", "Hazel\Hazel.vcxproj", "{02B00301-72D7-46F8-AF04-96F07D616E4C}"
EndProject
Global
	GlobalSection(SolutionConfigurationPlatforms) = preSolution
		Debug|x64 = Debug|x64
		Release|x64 = Release|x64
	EndGlobalSection
	GlobalSection(ProjectConfigurationPlatforms) = postSolution
		{02B00301-72D7-46F8-AF04-96F07D616E4C}.Debug|x64.ActiveCfg = Debug|x64
		{02B00301-72D7-46F8-AF04-96F07D616E4C}.Debug|x64.Build.0 = Debug|x64
		{02B00301-72D7-46F8-AF04-96F07D616E4C}.Release|x64.ActiveCfg = Release|x64
		{02B00301-72D7-46F8-AF04-96F07D616E4C}.Release|x64.Build.0 = Release|x64
		{5A5047C1-F558-45F3-B762-636A30E84ADF}.Debug|x64.ActiveCfg = Debug|x64
		{5A5047C1-F558-45F3-B762-636A30E84ADF}.Debug|x64.Build.0 = Debug|x64
		{5A5047C1-F558-45F3-B762-636A30E84ADF}.Release|x64.ActiveCfg = Release|x64
		{5A5047C1-F558-45F3-B762-636A30E84ADF}.Release|x64.Build.0 = Release|x64
	EndGlobalSection
	GlobalSection(SolutionProperties) = preSolution
		HideSolutionNode = FALSE
	EndGlobalSection
	GlobalSection(ExtensibilityGlobals) = postSolution
		SolutionGuid = {0A129059-7296-4429-B3EF-CB96C54B51D0}
	EndGlobalSection
EndGlobal
